// !$*UTF8*$!
{
	archiveVersion = 1;
	classes = {
	};
	objectVersion = 46;
	objects = {

/* Begin PBXBuildFile section */
		AADA3ED31EC25D96006EF7F9 /* main.m in Sources */ = {isa = PBXBuildFile; fileRef = AADA3ED21EC25D96006EF7F9 /* main.m */; };
		AADA3ED61EC25D96006EF7F9 /* AppDelegate.m in Sources */ = {isa = PBXBuildFile; fileRef = AADA3ED51EC25D96006EF7F9 /* AppDelegate.m */; };
		AADA3EDC1EC25D96006EF7F9 /* Main.storyboard in Resources */ = {isa = PBXBuildFile; fileRef = AADA3EDA1EC25D96006EF7F9 /* Main.storyboard */; };
		AADA3EDE1EC25D96006EF7F9 /* Assets.xcassets in Resources */ = {isa = PBXBuildFile; fileRef = AADA3EDD1EC25D96006EF7F9 /* Assets.xcassets */; };
		AADA3EE11EC25D96006EF7F9 /* LaunchScreen.storyboard in Resources */ = {isa = PBXBuildFile; fileRef = AADA3EDF1EC25D96006EF7F9 /* LaunchScreen.storyboard */; };
		AADA3EEA1EC25E2C006EF7F9 /* FirstViewController.m in Sources */ = {isa = PBXBuildFile; fileRef = AADA3EE91EC25E2C006EF7F9 /* FirstViewController.m */; };
		AADA3EED1EC25E3B006EF7F9 /* SecondViewController.m in Sources */ = {isa = PBXBuildFile; fileRef = AADA3EEC1EC25E3B006EF7F9 /* SecondViewController.m */; };
		AADA3EF01EC26042006EF7F9 /* ThirdViewController.m in Sources */ = {isa = PBXBuildFile; fileRef = AADA3EEF1EC26042006EF7F9 /* ThirdViewController.m */; };
		AADA3F191EC369F9006EF7F9 /* NextViewController.m in Sources */ = {isa = PBXBuildFile; fileRef = AADA3F171EC369F8006EF7F9 /* NextViewController.m */; };
		AADA3F1A1EC369F9006EF7F9 /* NextViewController.xib in Resources */ = {isa = PBXBuildFile; fileRef = AADA3F181EC369F9006EF7F9 /* NextViewController.xib */; };
/* End PBXBuildFile section */

/* Begin PBXFileReference section */
		AADA3ECE1EC25D96006EF7F9 /* Demo2.app */ = {isa = PBXFileReference; explicitFileType = wrapper.application; includeInIndex = 0; path = Demo2.app; sourceTree = BUILT_PRODUCTS_DIR; };
		AADA3ED21EC25D96006EF7F9 /* main.m */ = {isa = PBXFileReference; lastKnownFileType = sourcecode.c.objc; path = main.m; sourceTree = "<group>"; };
		AADA3ED41EC25D96006EF7F9 /* AppDelegate.h */ = {isa = PBXFileReference; lastKnownFileType = sourcecode.c.h; path = AppDelegate.h; sourceTree = "<group>"; };
		AADA3ED51EC25D96006EF7F9 /* AppDelegate.m */ = {isa = PBXFileReference; lastKnownFileType = sourcecode.c.objc; path = AppDelegate.m; sourceTree = "<group>"; };
		AADA3EDB1EC25D96006EF7F9 /* Base */ = {isa = PBXFileReference; lastKnownFileType = file.storyboard; name = Base; path = Base.lproj/Main.storyboard; sourceTree = "<group>"; };
		AADA3EDD1EC25D96006EF7F9 /* Assets.xcassets */ = {isa = PBXFileReference; lastKnownFileType = folder.assetcatalog; path = Assets.xcassets; sourceTree = "<group>"; };
		AADA3EE01EC25D96006EF7F9 /* Base */ = {isa = PBXFileReference; lastKnownFileType = file.storyboard; name = Base; path = Base.lproj/LaunchScreen.storyboard; sourceTree = "<group>"; };
		AADA3EE21EC25D96006EF7F9 /* Info.plist */ = {isa = PBXFileReference; lastKnownFileType = text.plist.xml; path = Info.plist; sourceTree = "<group>"; };
		AADA3EE81EC25E2C006EF7F9 /* FirstViewController.h */ = {isa = PBXFileReference; fileEncoding = 4; lastKnownFileType = sourcecode.c.h; path = FirstViewController.h; sourceTree = "<group>"; };
		AADA3EE91EC25E2C006EF7F9 /* FirstViewController.m */ = {isa = PBXFileReference; fileEncoding = 4; lastKnownFileType = sourcecode.c.objc; path = FirstViewController.m; sourceTree = "<group>"; };
		AADA3EEB1EC25E3B006EF7F9 /* SecondViewController.h */ = {isa = PBXFileReference; fileEncoding = 4; lastKnownFileType = sourcecode.c.h; path = SecondViewController.h; sourceTree = "<group>"; };
		AADA3EEC1EC25E3B006EF7F9 /* SecondViewController.m */ = {isa = PBXFileReference; fileEncoding = 4; lastKnownFileType = sourcecode.c.objc; path = SecondViewController.m; sourceTree = "<group>"; };
		AADA3EEE1EC26042006EF7F9 /* ThirdViewController.h */ = {isa = PBXFileReference; fileEncoding = 4; lastKnownFileType = sourcecode.c.h; path = ThirdViewController.h; sourceTree = "<group>"; };
		AADA3EEF1EC26042006EF7F9 /* ThirdViewController.m */ = {isa = PBXFileReference; fileEncoding = 4; lastKnownFileType = sourcecode.c.objc; path = ThirdViewController.m; sourceTree = "<group>"; };
		AADA3F161EC369F8006EF7F9 /* NextViewController.h */ = {isa = PBXFileReference; fileEncoding = 4; lastKnownFileType = sourcecode.c.h; path = NextViewController.h; sourceTree = "<group>"; };
		AADA3F171EC369F8006EF7F9 /* NextViewController.m */ = {isa = PBXFileReference; fileEncoding = 4; lastKnownFileType = sourcecode.c.objc; path = NextViewController.m; sourceTree = "<group>"; };
		AADA3F181EC369F9006EF7F9 /* NextViewController.xib */ = {isa = PBXFileReference; fileEncoding = 4; lastKnownFileType = file.xib; path = NextViewController.xib; sourceTree = "<group>"; };
/* End PBXFileReference section */

/* Begin PBXFrameworksBuildPhase section */
		AADA3ECB1EC25D96006EF7F9 /* Frameworks */ = {
			isa = PBXFrameworksBuildPhase;
			buildActionMask = 2147483647;
			files = (
			);
			runOnlyForDeploymentPostprocessing = 0;
		};
/* End PBXFrameworksBuildPhase section */

/* Begin PBXGroup section */
		AADA3EC51EC25D96006EF7F9 = {
			isa = PBXGroup;
			children = (
				AADA3F161EC369F8006EF7F9 /* NextViewController.h */,
				AADA3F171EC369F8006EF7F9 /* NextViewController.m */,
				AADA3F181EC369F9006EF7F9 /* NextViewController.xib */,
				AADA3ED01EC25D96006EF7F9 /* Demo2 */,
				AADA3ECF1EC25D96006EF7F9 /* Products */,
			);
			sourceTree = "<group>";
		};
		AADA3ECF1EC25D96006EF7F9 /* Products */ = {
			isa = PBXGroup;
			children = (
				AADA3ECE1EC25D96006EF7F9 /* Demo2.app */,
			);
			name = Products;
			sourceTree = "<group>";
		};
		AADA3ED01EC25D96006EF7F9 /* Demo2 */ = {
			isa = PBXGroup;
			children = (
				AADA3ED41EC25D96006EF7F9 /* AppDelegate.h */,
				AADA3ED51EC25D96006EF7F9 /* AppDelegate.m */,
				AADA3EE81EC25E2C006EF7F9 /* FirstViewController.h */,
				AADA3EE91EC25E2C006EF7F9 /* FirstViewController.m */,
				AADA3EEB1EC25E3B006EF7F9 /* SecondViewController.h */,
				AADA3EEC1EC25E3B006EF7F9 /* SecondViewController.m */,
				AADA3EEE1EC26042006EF7F9 /* ThirdViewController.h */,
				AADA3EEF1EC26042006EF7F9 /* ThirdViewController.m */,
				AADA3EDA1EC25D96006EF7F9 /* Main.storyboard */,
				AADA3ED11EC25D96006EF7F9 /* Supporting Files */,
			);
			path = Demo2;
			sourceTree = "<group>";
		};
		AADA3ED11EC25D96006EF7F9 /* Supporting Files */ = {
			isa = PBXGroup;
			children = (
				AADA3EDD1EC25D96006EF7F9 /* Assets.xcassets */,
				AADA3EDF1EC25D96006EF7F9 /* LaunchScreen.storyboard */,
				AADA3EE21EC25D96006EF7F9 /* Info.plist */,
				AADA3ED21EC25D96006EF7F9 /* main.m */,
			);
			name = "Supporting Files";
			sourceTree = "<group>";
		};
/* End PBXGroup section */

/* Begin PBXNativeTarget section */
		AADA3ECD1EC25D96006EF7F9 /* Demo2 */ = {
			isa = PBXNativeTarget;
			buildConfigurationList = AADA3EE51EC25D96006EF7F9 /* Build configuration list for PBXNativeTarget "Demo2" */;
			buildPhases = (
				AADA3ECA1EC25D96006EF7F9 /* Sources */,
				AADA3ECB1EC25D96006EF7F9 /* Frameworks */,
				AADA3ECC1EC25D96006EF7F9 /* Resources */,
			);
			buildRules = (
			);
			dependencies = (
			);
			name = Demo2;
			productName = Demo2;
			productReference = AADA3ECE1EC25D96006EF7F9 /* Demo2.app */;
			productType = "com.apple.product-type.application";
		};
/* End PBXNativeTarget section */

/* Begin PBXProject section */
		AADA3EC61EC25D96006EF7F9 /* Project object */ = {
			isa = PBXProject;
			attributes = {
				LastUpgradeCheck = 0830;
				ORGANIZATIONNAME = steve;
				TargetAttributes = {
					AADA3ECD1EC25D96006EF7F9 = {
						CreatedOnToolsVersion = 8.3.2;
						DevelopmentTeam = 6D3DA9G4XW;
						ProvisioningStyle = Automatic;
					};
				};
			};
			buildConfigurationList = AADA3EC91EC25D96006EF7F9 /* Build configuration list for PBXProject "Demo2" */;
			compatibilityVersion = "Xcode 3.2";
			developmentRegion = English;
			hasScannedForEncodings = 0;
			knownRegions = (
				en,
				Base,
			);
			mainGroup = AADA3EC51EC25D96006EF7F9;
			productRefGroup = AADA3ECF1EC25D96006EF7F9 /* Products */;
			projectDirPath = "";
			projectRoot = "";
			targets = (
				AADA3ECD1EC25D96006EF7F9 /* Demo2 */,
			);
		};
/* End PBXProject section */

/* Begin PBXResourcesBuildPhase section */
		AADA3ECC1EC25D96006EF7F9 /* Resources */ = {
			isa = PBXResourcesBuildPhase;
			buildActionMask = 2147483647;
			files = (
				AADA3EE11EC25D96006EF7F9 /* LaunchScreen.storyboard in Resources */,
				AADA3F1A1EC369F9006EF7F9 /* NextViewController.xib in Resources */,
				AADA3EDE1EC25D96006EF7F9 /* Assets.xcassets in Resources */,
				AADA3EDC1EC25D96006EF7F9 /* Main.storyboard in Resources */,
			);
			runOnlyForDeploymentPostprocessing = 0;
		};
/* End PBXResourcesBuildPhase section */

/* Begin PBXSourcesBuildPhase section */
		AADA3ECA1EC25D96006EF7F9 /* Sources */ = {
			isa = PBXSourcesBuildPhase;
			buildActionMask = 2147483647;
			files = (
				AADA3EED1EC25E3B006EF7F9 /* SecondViewController.m in Sources */,
				AADA3F191EC369F9006EF7F9 /* NextViewController.m in Sources */,
				AADA3EF01EC26042006EF7F9 /* ThirdViewController.m in Sources */,
				AADA3ED61EC25D96006EF7F9 /* AppDelegate.m in Sources */,
				AADA3EEA1EC25E2C006EF7F9 /* FirstViewController.m in Sources */,
				AADA3ED31EC25D96006EF7F9 /* main.m in Sources */,
			);
			runOnlyForDeploymentPostprocessing = 0;
		};
/* End PBXSourcesBuildPhase section */

/* Begin PBXVariantGroup section */
		AADA3EDA1EC25D96006EF7F9 /* Main.storyboard */ = {
			isa = PBXVariantGroup;
			children = (
				AADA3EDB1EC25D96006EF7F9 /* Base */,
			);
			name = Main.storyboard;
			sourceTree = "<group>";
		};
		AADA3EDF1EC25D96006EF7F9 /* LaunchScreen.storyboard */ = {
			isa = PBXVariantGroup;
			children = (
				AADA3EE01EC25D96006EF7F9 /* Base */,
			);
			name = LaunchScreen.storyboard;
			sourceTree = "<group>";
		};
/* End PBXVariantGroup section */

/* Begin XCBuildConfiguration section */
		AADA3EE31EC25D96006EF7F9 /* Debug */ = {
			isa = XCBuildConfiguration;
			buildSettings = {
				ALWAYS_SEARCH_USER_PATHS = NO;
				CLANG_ANALYZER_NONNULL = YES;
				CLANG_ANALYZER_NUMBER_OBJECT_CONVERSION = YES_AGGRESSIVE;
				CLANG_CXX_LANGUAGE_STANDARD = "gnu++0x";
				CLANG_CXX_LIBRARY = "libc++";
				CLANG_ENABLE_MODULES = YES;
				CLANG_ENABLE_OBJC_ARC = YES;
				CLANG_WARN_BOOL_CONVERSION = YES;
				CLANG_WARN_CONSTANT_CONVERSION = YES;
				CLANG_WARN_DIRECT_OBJC_ISA_USAGE = YES_ERROR;
				CLANG_WARN_DOCUMENTATION_COMMENTS = YES;
				CLANG_WARN_EMPTY_BODY = YES;
				CLANG_WARN_ENUM_CONVERSION = YES;
				CLANG_WARN_INFINITE_RECURSION = YES;
				CLANG_WARN_INT_CONVERSION = YES;
				CLANG_WARN_OBJC_ROOT_CLASS = YES_ERROR;
				CLANG_WARN_SUSPICIOUS_MOVE = YES;
				CLANG_WARN_UNREACHABLE_CODE = YES;
				CLANG_WARN__DUPLICATE_METHOD_MATCH = YES;
				"CODE_SIGN_IDENTITY[sdk=iphoneos*]" = "iPhone Developer";
				COPY_PHASE_STRIP = NO;
				DEBUG_INFORMATION_FORMAT = dwarf;
				ENABLE_STRICT_OBJC_MSGSEND = YES;
				ENABLE_TESTABILITY = YES;
				GCC_C_LANGUAGE_STANDARD = gnu99;
				GCC_DYNAMIC_NO_PIC = NO;
				GCC_NO_COMMON_BLOCKS = YES;
				GCC_OPTIMIZATION_LEVEL = 0;
				GCC_PREPROCESSOR_DEFINITIONS = (
					"DEBUG=1",
					"$(inherited)",
				);
				GCC_WARN_64_TO_32_BIT_CONVERSION = YES;
				GCC_WARN_ABOUT_RETURN_TYPE = YES_ERROR;
				GCC_WARN_UNDECLARED_SELECTOR = YES;
				GCC_WARN_UNINITIALIZED_AUTOS = YES_AGGRESSIVE;
				GCC_WARN_UNUSED_FUNCTION = YES;
				GCC_WARN_UNUSED_VARIABLE = YES;
				IPHONEOS_DEPLOYMENT_TARGET = 10.3;
				MTL_ENABLE_DEBUG_INFO = YES;
				ONLY_ACTIVE_ARCH = YES;
				SDKROOT = iphoneos;
				TARGETED_DEVICE_FAMILY = "1,2";
			};
			name = Debug;
		};
		AADA3EE41EC25D96006EF7F9 /* Release */ = {
			isa = XCBuildConfiguration;
			buildSettings = {
				ALWAYS_SEARCH_USER_PATHS = NO;
				CLANG_ANALYZER_NONNULL = YES;
				CLANG_ANALYZER_NUMBER_OBJECT_CONVERSION = YES_AGGRESSIVE;
				CLANG_CXX_LANGUAGE_STANDARD = "gnu++0x";
				CLANG_CXX_LIBRARY = "libc++";
				CLANG_ENABLE_MODULES = YES;
				CLANG_ENABLE_OBJC_ARC = YES;
				CLANG_WARN_BOOL_CONVERSION = YES;
				CLANG_WARN_CONSTANT_CONVERSION = YES;
				CLANG_WARN_DIRECT_OBJC_ISA_USAGE = YES_ERROR;
				CLANG_WARN_DOCUMENTATION_COMMENTS = YES;
				CLANG_WARN_EMPTY_BODY = YES;
				CLANG_WARN_ENUM_CONVERSION = YES;
				CLANG_WARN_INFINITE_RECURSION = YES;
				CLANG_WARN_INT_CONVERSION = YES;
				CLANG_WARN_OBJC_ROOT_CLASS = YES_ERROR;
				CLANG_WARN_SUSPICIOUS_MOVE = YES;
				CLANG_WARN_UNREACHABLE_CODE = YES;
				CLANG_WARN__DUPLICATE_METHOD_MATCH = YES;
				"CODE_SIGN_IDENTITY[sdk=iphoneos*]" = "iPhone Developer";
				COPY_PHASE_STRIP = NO;
				DEBUG_INFORMATION_FORMAT = "dwarf-with-dsym";
				ENABLE_NS_ASSERTIONS = NO;
				ENABLE_STRICT_OBJC_MSGSEND = YES;
				GCC_C_LANGUAGE_STANDARD = gnu99;
				GCC_NO_COMMON_BLOCKS = YES;
				GCC_WARN_64_TO_32_BIT_CONVERSION = YES;
				GCC_WARN_ABOUT_RETURN_TYPE = YES_ERROR;
				GCC_WARN_UNDECLARED_SELECTOR = YES;
				GCC_WARN_UNINITIALIZED_AUTOS = YES_AGGRESSIVE;
				GCC_WARN_UNUSED_FUNCTION = YES;
				GCC_WARN_UNUSED_VARIABLE = YES;
				IPHONEOS_DEPLOYMENT_TARGET = 10.3;
				MTL_ENABLE_DEBUG_INFO = NO;
				SDKROOT = iphoneos;
				TARGETED_DEVICE_FAMILY = "1,2";
				VALIDATE_PRODUCT = YES;
			};
			name = Release;
		};
		AADA3EE61EC25D96006EF7F9 /* Debug */ = {
			isa = XCBuildConfiguration;
			buildSettings = {
				ASSETCATALOG_COMPILER_APPICON_NAME = AppIcon;
				DEVELOPMENT_TEAM = 6D3DA9G4XW;
				INFOPLIST_FILE = Demo2/Info.plist;
				LD_RUNPATH_SEARCH_PATHS = "$(inherited) @executable_path/Frameworks";
				PRODUCT_BUNDLE_IDENTIFIER = com.cocoanutmobile.steve.ShapeLayer.Demo2;
				PRODUCT_NAME = "$(TARGET_NAME)";
			};
			name = Debug;
		};
		AADA3EE71EC25D96006EF7F9 /* Release */ = {
			isa = XCBuildConfiguration;
			buildSettings = {
				ASSETCATALOG_COMPILER_APPICON_NAME = AppIcon;
				DEVELOPMENT_TEAM = 6D3DA9G4XW;
				INFOPLIST_FILE = Demo2/Info.plist;
				LD_RUNPATH_SEARCH_PATHS = "$(inherited) @executable_path/Frameworks";
				PRODUCT_BUNDLE_IDENTIFIER = com.cocoanutmobile.steve.ShapeLayer.Demo2;
				PRODUCT_NAME = "$(TARGET_NAME)";
			};
			name = Release;
		};
/* End XCBuildConfiguration section */

/* Begin XCConfigurationList section */
		AADA3EC91EC25D96006EF7F9 /* Build configuration list for PBXProject "Demo2" */ = {
			isa = XCConfigurationList;
			buildConfigurations = (
				AADA3EE31EC25D96006EF7F9 /* Debug */,
				AADA3EE41EC25D96006EF7F9 /* Release */,
			);
			defaultConfigurationIsVisible = 0;
			defaultConfigurationName = Release;
		};
		AADA3EE51EC25D96006EF7F9 /* Build configuration list for PBXNativeTarget "Demo2" */ = {
			isa = XCConfigurationList;
			buildConfigurations = (
				AADA3EE61EC25D96006EF7F9 /* Debug */,
				AADA3EE71EC25D96006EF7F9 /* Release */,
			);
			defaultConfigurationIsVisible = 0;
			defaultConfigurationName = Release;
		};
/* End XCConfigurationList section */
	};
	rootObject = AADA3EC61EC25D96006EF7F9 /* Project object */;
}
